
Microsoft Visual Studio Solution File, Format Version 12.00
# Visual Studio Version 17
VisualStudioVersion = 17.6.33829.357
MinimumVisualStudioVersion = 10.0.40219.1
Project("{FAE04EC0-301F-11D3-BF4B-00C04F79EFBC}") = "StudyBlazor", "StudyBlazor\StudyBlazor.csproj", "{0862821A-DD92-445E-AA82-B09E76A043F1}"
EndProject
Global
	GlobalSection(SolutionConfigurationPlatforms) = preSolution
		Debug|Any CPU = Debug|Any CPU
		Release|Any CPU = Release|Any CPU
	EndGlobalSection
	GlobalSection(ProjectConfigurationPlatforms) = postSolution
		{0862821A-DD92-445E-AA82-B09E76A043F1}.Debug|Any CPU.ActiveCfg = Debug|Any CPU
		{0862821A-DD92-445E-AA82-B09E76A043F1}.Debug|Any CPU.Build.0 = Debug|Any CPU
		{0862821A-DD92-445E-AA82-B09E76A043F1}.Release|Any CPU.ActiveCfg = Release|Any CPU
		{0862821A-DD92-445E-AA82-B09E76A043F1}.Release|Any CPU.Build.0 = Release|Any CPU
	EndGlobalSection
	GlobalSection(SolutionProperties) = preSolution
		HideSolutionNode = FALSE
	EndGlobalSection
	GlobalSection(ExtensibilityGlobals) = postSolution
		SolutionGuid = {F9D0D89A-A816-476D-A6EB-5D638A40514C}
	EndGlobalSection
EndGlobal
